
Microsoft Visual Studio Solution File, Format Version 12.00
# Visual Studio 15
VisualStudioVersion = 15.0.28307.572
MinimumVisualStudioVersion = 10.0.40219.1
Project("{2150E333-8FDC-42A3-9474-1A3956D46DE8}") = "1.Application", "1.Application", "{F11AC12A-07DF-404C-9CC0-892058DC97D9}"
EndProject
Project("{2150E333-8FDC-42A3-9474-1A3956D46DE8}") = "3.Data", "3.Data", "{0ACC2228-8E19-41BF-A2E3-15F3070FC778}"
EndProject
Project("{2150E333-8FDC-42A3-9474-1A3956D46DE8}") = "2.Domain", "2.Domain", "{E13FD0F6-7D4E-49A5-B9F8-320FF744194F}"
EndProject
Project("{FAE04EC0-301F-11D3-BF4B-00C04F79EFBC}") = "SGI.PI.Web", "SGI.PI.Web\SGI.PI.Web.csproj", "{3ACDE6B5-3E05-46FD-A4BD-3BFF99C5BB95}"
EndProject
Project("{FAE04EC0-301F-11D3-BF4B-00C04F79EFBC}") = "SGI.PI.Data", "SGI.PI.Data\SGI.PI.Data.csproj", "{E304F52E-CD3E-42CF-A400-93B008249560}"
EndProject
Project("{FAE04EC0-301F-11D3-BF4B-00C04F79EFBC}") = "SGI.PI.Domain", "SGI.PI.Service\SGI.PI.Domain.csproj", "{EAC3F106-47E4-4CBD-BA92-57F10924A08A}"
EndProject
Project("{2150E333-8FDC-42A3-9474-1A3956D46DE8}") = "4.Services", "4.Services", "{0DC1F1F8-D148-4263-8A00-64B39ADF5450}"
EndProject
Project("{FAE04EC0-301F-11D3-BF4B-00C04F79EFBC}") = "SGI.PI.Services", "SGI.PI.Services\SGI.PI.Services.csproj", "{FC3393EE-8A24-4C07-B27E-572D50FDB21A}"
EndProject
Global
	GlobalSection(SolutionConfigurationPlatforms) = preSolution
		Debug|Any CPU = Debug|Any CPU
		Release|Any CPU = Release|Any CPU
	EndGlobalSection
	GlobalSection(ProjectConfigurationPlatforms) = postSolution
		{3ACDE6B5-3E05-46FD-A4BD-3BFF99C5BB95}.Debug|Any CPU.ActiveCfg = Debug|Any CPU
		{3ACDE6B5-3E05-46FD-A4BD-3BFF99C5BB95}.Debug|Any CPU.Build.0 = Debug|Any CPU
		{3ACDE6B5-3E05-46FD-A4BD-3BFF99C5BB95}.Release|Any CPU.ActiveCfg = Release|Any CPU
		{3ACDE6B5-3E05-46FD-A4BD-3BFF99C5BB95}.Release|Any CPU.Build.0 = Release|Any CPU
		{E304F52E-CD3E-42CF-A400-93B008249560}.Debug|Any CPU.ActiveCfg = Debug|Any CPU
		{E304F52E-CD3E-42CF-A400-93B008249560}.Debug|Any CPU.Build.0 = Debug|Any CPU
		{E304F52E-CD3E-42CF-A400-93B008249560}.Release|Any CPU.ActiveCfg = Release|Any CPU
		{E304F52E-CD3E-42CF-A400-93B008249560}.Release|Any CPU.Build.0 = Release|Any CPU
		{EAC3F106-47E4-4CBD-BA92-57F10924A08A}.Debug|Any CPU.ActiveCfg = Debug|Any CPU
		{EAC3F106-47E4-4CBD-BA92-57F10924A08A}.Debug|Any CPU.Build.0 = Debug|Any CPU
		{EAC3F106-47E4-4CBD-BA92-57F10924A08A}.Release|Any CPU.ActiveCfg = Release|Any CPU
		{EAC3F106-47E4-4CBD-BA92-57F10924A08A}.Release|Any CPU.Build.0 = Release|Any CPU
		{FC3393EE-8A24-4C07-B27E-572D50FDB21A}.Debug|Any CPU.ActiveCfg = Debug|Any CPU
		{FC3393EE-8A24-4C07-B27E-572D50FDB21A}.Debug|Any CPU.Build.0 = Debug|Any CPU
		{FC3393EE-8A24-4C07-B27E-572D50FDB21A}.Release|Any CPU.ActiveCfg = Release|Any CPU
		{FC3393EE-8A24-4C07-B27E-572D50FDB21A}.Release|Any CPU.Build.0 = Release|Any CPU
	EndGlobalSection
	GlobalSection(SolutionProperties) = preSolution
		HideSolutionNode = FALSE
	EndGlobalSection
	GlobalSection(NestedProjects) = preSolution
		{3ACDE6B5-3E05-46FD-A4BD-3BFF99C5BB95} = {F11AC12A-07DF-404C-9CC0-892058DC97D9}
		{E304F52E-CD3E-42CF-A400-93B008249560} = {0ACC2228-8E19-41BF-A2E3-15F3070FC778}
		{EAC3F106-47E4-4CBD-BA92-57F10924A08A} = {E13FD0F6-7D4E-49A5-B9F8-320FF744194F}
		{FC3393EE-8A24-4C07-B27E-572D50FDB21A} = {0DC1F1F8-D148-4263-8A00-64B39ADF5450}
	EndGlobalSection
	GlobalSection(ExtensibilityGlobals) = postSolution
		SolutionGuid = {D4594415-4C67-42BE-9D60-621D3B424333}
	EndGlobalSection
EndGlobal
